
Microsoft Visual Studio Solution File, Format Version 12.00
# Visual Studio Version 17
VisualStudioVersion = 17.4.33213.308
MinimumVisualStudioVersion = 10.0.40219.1
Project("{FAE04EC0-301F-11D3-BF4B-00C04F79EFBC}") = "T1", "T1.csproj", "{0DA69775-DAF4-4ACD-ABD5-88C7EB31232E}"
EndProject
Project("{FAE04EC0-301F-11D3-BF4B-00C04F79EFBC}") = "T1_app", "..\T1_app\T1_app.csproj", "{72EBBB0C-12C8-4B0E-981B-7C2F2D708F38}"
EndProject
Global
	GlobalSection(SolutionConfigurationPlatforms) = preSolution
		Debug|Any CPU = Debug|Any CPU
		Release|Any CPU = Release|Any CPU
	EndGlobalSection
	GlobalSection(ProjectConfigurationPlatforms) = postSolution
		{0DA69775-DAF4-4ACD-ABD5-88C7EB31232E}.Debug|Any CPU.ActiveCfg = Debug|Any CPU
		{0DA69775-DAF4-4ACD-ABD5-88C7EB31232E}.Debug|Any CPU.Build.0 = Debug|Any CPU
		{0DA69775-DAF4-4ACD-ABD5-88C7EB31232E}.Release|Any CPU.ActiveCfg = Release|Any CPU
		{0DA69775-DAF4-4ACD-ABD5-88C7EB31232E}.Release|Any CPU.Build.0 = Release|Any CPU
		{72EBBB0C-12C8-4B0E-981B-7C2F2D708F38}.Debug|Any CPU.ActiveCfg = Debug|Any CPU
		{72EBBB0C-12C8-4B0E-981B-7C2F2D708F38}.Debug|Any CPU.Build.0 = Debug|Any CPU
		{72EBBB0C-12C8-4B0E-981B-7C2F2D708F38}.Release|Any CPU.ActiveCfg = Release|Any CPU
		{72EBBB0C-12C8-4B0E-981B-7C2F2D708F38}.Release|Any CPU.Build.0 = Release|Any CPU
	EndGlobalSection
	GlobalSection(SolutionProperties) = preSolution
		HideSolutionNode = FALSE
	EndGlobalSection
	GlobalSection(ExtensibilityGlobals) = postSolution
		SolutionGuid = {00CE8975-E79F-4314-8688-9EE0A56026AA}
	EndGlobalSection
EndGlobal
